
Microsoft Visual Studio Solution File, Format Version 12.00
# Visual Studio Version 16
VisualStudioVersion = 16.0.30804.86
MinimumVisualStudioVersion = 10.0.40219.1
Project("{FAE04EC0-301F-11D3-BF4B-00C04F79EFBC}") = "NextChapterWebApi", "NextChapterWebApi\NextChapterWebApi.csproj", "{3E22CF94-75CC-4006-869E-ED4AACB9424F}"
EndProject
Project("{FAE04EC0-301F-11D3-BF4B-00C04F79EFBC}") = "NextChapterWebApi.Tests", "NextChapterWebApi.Tests\NextChapterWebApi.Tests.csproj", "{C370A4A4-DDA4-4EAD-930B-B14B0A15D726}"
EndProject
Project("{FAE04EC0-301F-11D3-BF4B-00C04F79EFBC}") = "NextChapterWebApi.DataAccess", "NextChapterWebApi.DataAccess\NextChapterWebApi.DataAccess.csproj", "{060B070C-5400-4F43-96F5-1C19DC99050B}"
EndProject
Global
	GlobalSection(SolutionConfigurationPlatforms) = preSolution
		Debug|Any CPU = Debug|Any CPU
		Release|Any CPU = Release|Any CPU
	EndGlobalSection
	GlobalSection(ProjectConfigurationPlatforms) = postSolution
		{3E22CF94-75CC-4006-869E-ED4AACB9424F}.Debug|Any CPU.ActiveCfg = Debug|Any CPU
		{3E22CF94-75CC-4006-869E-ED4AACB9424F}.Debug|Any CPU.Build.0 = Debug|Any CPU
		{3E22CF94-75CC-4006-869E-ED4AACB9424F}.Release|Any CPU.ActiveCfg = Release|Any CPU
		{3E22CF94-75CC-4006-869E-ED4AACB9424F}.Release|Any CPU.Build.0 = Release|Any CPU
		{C370A4A4-DDA4-4EAD-930B-B14B0A15D726}.Debug|Any CPU.ActiveCfg = Debug|Any CPU
		{C370A4A4-DDA4-4EAD-930B-B14B0A15D726}.Debug|Any CPU.Build.0 = Debug|Any CPU
		{C370A4A4-DDA4-4EAD-930B-B14B0A15D726}.Release|Any CPU.ActiveCfg = Release|Any CPU
		{C370A4A4-DDA4-4EAD-930B-B14B0A15D726}.Release|Any CPU.Build.0 = Release|Any CPU
		{060B070C-5400-4F43-96F5-1C19DC99050B}.Debug|Any CPU.ActiveCfg = Debug|Any CPU
		{060B070C-5400-4F43-96F5-1C19DC99050B}.Debug|Any CPU.Build.0 = Debug|Any CPU
		{060B070C-5400-4F43-96F5-1C19DC99050B}.Release|Any CPU.ActiveCfg = Release|Any CPU
		{060B070C-5400-4F43-96F5-1C19DC99050B}.Release|Any CPU.Build.0 = Release|Any CPU
	EndGlobalSection
	GlobalSection(SolutionProperties) = preSolution
		HideSolutionNode = FALSE
	EndGlobalSection
	GlobalSection(ExtensibilityGlobals) = postSolution
		SolutionGuid = {9D9353FE-5055-40F3-B503-FF0149905DCF}
	EndGlobalSection
EndGlobal
